
Microsoft Visual Studio Solution File, Format Version 12.00
# Visual Studio Version 17
VisualStudioVersion = 17.3.32922.545
MinimumVisualStudioVersion = 10.0.40219.1
Project("{9A19103F-16F7-4668-BE54-9A1E7A4F7556}") = "SvideosApi", "SvideosApi.csproj", "{1D294FAC-2F6D-403C-90B2-0E9C52895FC7}"
EndProject
Global
	GlobalSection(SolutionConfigurationPlatforms) = preSolution
		Debug|Any CPU = Debug|Any CPU
		Release|Any CPU = Release|Any CPU
	EndGlobalSection
	GlobalSection(ProjectConfigurationPlatforms) = postSolution
		{1D294FAC-2F6D-403C-90B2-0E9C52895FC7}.Debug|Any CPU.ActiveCfg = Debug|Any CPU
		{1D294FAC-2F6D-403C-90B2-0E9C52895FC7}.Debug|Any CPU.Build.0 = Debug|Any CPU
		{1D294FAC-2F6D-403C-90B2-0E9C52895FC7}.Release|Any CPU.ActiveCfg = Release|Any CPU
		{1D294FAC-2F6D-403C-90B2-0E9C52895FC7}.Release|Any CPU.Build.0 = Release|Any CPU
	EndGlobalSection
	GlobalSection(SolutionProperties) = preSolution
		HideSolutionNode = FALSE
	EndGlobalSection
	GlobalSection(ExtensibilityGlobals) = postSolution
		SolutionGuid = {64024561-B2C7-4C90-BB70-8E80E5982F1F}
	EndGlobalSection
EndGlobal
